
Microsoft Visual Studio Solution File, Format Version 12.00
# Visual Studio Version 17
VisualStudioVersion = 17.0.32014.148
MinimumVisualStudioVersion = 10.0.40219.1
Project("{9A19103F-16F7-4668-BE54-9A1E7A4F7556}") = "MvcToDoList", "MvcToDoList\MvcToDoList.csproj", "{8014EACD-0A38-4911-82B0-6EA2593993FF}"
EndProject
Project("{FAE04EC0-301F-11D3-BF4B-00C04F79EFBC}") = "UnitTests", "UnitTests\UnitTests.csproj", "{5E14A5F0-A1DE-41E9-8AB3-53389A11C052}"
EndProject
Global
	GlobalSection(SolutionConfigurationPlatforms) = preSolution
		Debug|Any CPU = Debug|Any CPU
		Release|Any CPU = Release|Any CPU
	EndGlobalSection
	GlobalSection(ProjectConfigurationPlatforms) = postSolution
		{8014EACD-0A38-4911-82B0-6EA2593993FF}.Debug|Any CPU.ActiveCfg = Debug|Any CPU
		{8014EACD-0A38-4911-82B0-6EA2593993FF}.Debug|Any CPU.Build.0 = Debug|Any CPU
		{8014EACD-0A38-4911-82B0-6EA2593993FF}.Release|Any CPU.ActiveCfg = Release|Any CPU
		{8014EACD-0A38-4911-82B0-6EA2593993FF}.Release|Any CPU.Build.0 = Release|Any CPU
		{5E14A5F0-A1DE-41E9-8AB3-53389A11C052}.Debug|Any CPU.ActiveCfg = Debug|Any CPU
		{5E14A5F0-A1DE-41E9-8AB3-53389A11C052}.Debug|Any CPU.Build.0 = Debug|Any CPU
		{5E14A5F0-A1DE-41E9-8AB3-53389A11C052}.Release|Any CPU.ActiveCfg = Release|Any CPU
		{5E14A5F0-A1DE-41E9-8AB3-53389A11C052}.Release|Any CPU.Build.0 = Release|Any CPU
	EndGlobalSection
	GlobalSection(SolutionProperties) = preSolution
		HideSolutionNode = FALSE
	EndGlobalSection
	GlobalSection(ExtensibilityGlobals) = postSolution
		SolutionGuid = {D7408585-29C5-4507-9167-731CAC488920}
	EndGlobalSection
EndGlobal
